// !$*UTF8*$!
{
	archiveVersion = 1;
	classes = {
	};
	objectVersion = 48;
	objects = {

/* Begin PBXBuildFile section */
		0F92C14C1FB6B1D9005664CA /* LoginVC.swift in Sources */ = {isa = PBXBuildFile; fileRef = 0F92C14B1FB6B1D9005664CA /* LoginVC.swift */; };
		0FC6C3701FB6BDDB002B62CA /* SellerMainVC.swift in Sources */ = {isa = PBXBuildFile; fileRef = 0FC6C36F1FB6BDDB002B62CA /* SellerMainVC.swift */; };
		4BA9DB15747D38379311086F /* Pods_Macathon2017.framework in Frameworks */ = {isa = PBXBuildFile; fileRef = E0FB89C440256FB586104766 /* Pods_Macathon2017.framework */; };
		4C5810E31FB69A8900DD37AE /* BuyerMainVC.swift in Sources */ = {isa = PBXBuildFile; fileRef = 4C5810E21FB69A8900DD37AE /* BuyerMainVC.swift */; };
		4C5810E51FB69D3900DD37AE /* Item.swift in Sources */ = {isa = PBXBuildFile; fileRef = 4C5810E41FB69D3900DD37AE /* Item.swift */; };
		4C5810E71FB6AAC500DD37AE /* ItemBuyCell.swift in Sources */ = {isa = PBXBuildFile; fileRef = 4C5810E61FB6AAC500DD37AE /* ItemBuyCell.swift */; };
		4C5810E91FB6C9BD00DD37AE /* ItemSellCell.swift in Sources */ = {isa = PBXBuildFile; fileRef = 4C5810E81FB6C9BD00DD37AE /* ItemSellCell.swift */; };
		4CA7C7301FB691800062B5A6 /* AppDelegate.swift in Sources */ = {isa = PBXBuildFile; fileRef = 4CA7C72F1FB691800062B5A6 /* AppDelegate.swift */; };
		4CA7C7351FB691800062B5A6 /* Main.storyboard in Resources */ = {isa = PBXBuildFile; fileRef = 4CA7C7331FB691800062B5A6 /* Main.storyboard */; };
		4CA7C7371FB691800062B5A6 /* Assets.xcassets in Resources */ = {isa = PBXBuildFile; fileRef = 4CA7C7361FB691800062B5A6 /* Assets.xcassets */; };
		4CA7C73A1FB691800062B5A6 /* LaunchScreen.storyboard in Resources */ = {isa = PBXBuildFile; fileRef = 4CA7C7381FB691800062B5A6 /* LaunchScreen.storyboard */; };
/* End PBXBuildFile section */

/* Begin PBXFileReference section */
		0F92C14B1FB6B1D9005664CA /* LoginVC.swift */ = {isa = PBXFileReference; lastKnownFileType = sourcecode.swift; path = LoginVC.swift; sourceTree = "<group>"; };
		0FC6C36F1FB6BDDB002B62CA /* SellerMainVC.swift */ = {isa = PBXFileReference; lastKnownFileType = sourcecode.swift; path = SellerMainVC.swift; sourceTree = "<group>"; };
		4C5810E21FB69A8900DD37AE /* BuyerMainVC.swift */ = {isa = PBXFileReference; lastKnownFileType = sourcecode.swift; path = BuyerMainVC.swift; sourceTree = "<group>"; };
		4C5810E41FB69D3900DD37AE /* Item.swift */ = {isa = PBXFileReference; lastKnownFileType = sourcecode.swift; path = Item.swift; sourceTree = "<group>"; };
		4C5810E61FB6AAC500DD37AE /* ItemBuyCell.swift */ = {isa = PBXFileReference; lastKnownFileType = sourcecode.swift; path = ItemBuyCell.swift; sourceTree = "<group>"; };
		4C5810E81FB6C9BD00DD37AE /* ItemSellCell.swift */ = {isa = PBXFileReference; lastKnownFileType = sourcecode.swift; path = ItemSellCell.swift; sourceTree = "<group>"; };
		4CA7C72C1FB691800062B5A6 /* Macathon2017.app */ = {isa = PBXFileReference; explicitFileType = wrapper.application; includeInIndex = 0; path = Macathon2017.app; sourceTree = BUILT_PRODUCTS_DIR; };
		4CA7C72F1FB691800062B5A6 /* AppDelegate.swift */ = {isa = PBXFileReference; lastKnownFileType = sourcecode.swift; path = AppDelegate.swift; sourceTree = "<group>"; };
		4CA7C7341FB691800062B5A6 /* Base */ = {isa = PBXFileReference; lastKnownFileType = file.storyboard; name = Base; path = Base.lproj/Main.storyboard; sourceTree = "<group>"; };
		4CA7C7361FB691800062B5A6 /* Assets.xcassets */ = {isa = PBXFileReference; lastKnownFileType = folder.assetcatalog; path = Assets.xcassets; sourceTree = "<group>"; };
		4CA7C7391FB691800062B5A6 /* Base */ = {isa = PBXFileReference; lastKnownFileType = file.storyboard; name = Base; path = Base.lproj/LaunchScreen.storyboard; sourceTree = "<group>"; };
		4CA7C73B1FB691800062B5A6 /* Info.plist */ = {isa = PBXFileReference; lastKnownFileType = text.plist.xml; path = Info.plist; sourceTree = "<group>"; };
		82ABB76B6095FCE605D0ADBC /* Pods-Macathon2017.debug.xcconfig */ = {isa = PBXFileReference; includeInIndex = 1; lastKnownFileType = text.xcconfig; name = "Pods-Macathon2017.debug.xcconfig"; path = "Pods/Target Support Files/Pods-Macathon2017/Pods-Macathon2017.debug.xcconfig"; sourceTree = "<group>"; };
		D397BF20E9BCD56DF2C29FEA /* Pods-Macathon2017.release.xcconfig */ = {isa = PBXFileReference; includeInIndex = 1; lastKnownFileType = text.xcconfig; name = "Pods-Macathon2017.release.xcconfig"; path = "Pods/Target Support Files/Pods-Macathon2017/Pods-Macathon2017.release.xcconfig"; sourceTree = "<group>"; };
		E0FB89C440256FB586104766 /* Pods_Macathon2017.framework */ = {isa = PBXFileReference; explicitFileType = wrapper.framework; includeInIndex = 0; path = Pods_Macathon2017.framework; sourceTree = BUILT_PRODUCTS_DIR; };
/* End PBXFileReference section */

/* Begin PBXFrameworksBuildPhase section */
		4CA7C7291FB691800062B5A6 /* Frameworks */ = {
			isa = PBXFrameworksBuildPhase;
			buildActionMask = 2147483647;
			files = (
				4BA9DB15747D38379311086F /* Pods_Macathon2017.framework in Frameworks */,
			);
			runOnlyForDeploymentPostprocessing = 0;
		};
/* End PBXFrameworksBuildPhase section */

/* Begin PBXGroup section */
		2AE9C24338F8A8E36A9F315D /* Frameworks */ = {
			isa = PBXGroup;
			children = (
				E0FB89C440256FB586104766 /* Pods_Macathon2017.framework */,
			);
			name = Frameworks;
			sourceTree = "<group>";
		};
		4CA7C7231FB691800062B5A6 = {
			isa = PBXGroup;
			children = (
				4CA7C72E1FB691800062B5A6 /* Macathon2017 */,
				4CA7C72D1FB691800062B5A6 /* Products */,
				8039259EB56878E0828C9605 /* Pods */,
				2AE9C24338F8A8E36A9F315D /* Frameworks */,
			);
			sourceTree = "<group>";
		};
		4CA7C72D1FB691800062B5A6 /* Products */ = {
			isa = PBXGroup;
			children = (
				4CA7C72C1FB691800062B5A6 /* Macathon2017.app */,
			);
			name = Products;
			sourceTree = "<group>";
		};
		4CA7C72E1FB691800062B5A6 /* Macathon2017 */ = {
			isa = PBXGroup;
			children = (
				4CA7C7431FB691CE0062B5A6 /* ViewController */,
				4CA7C7421FB691C00062B5A6 /* View */,
				4CA7C7411FB691B70062B5A6 /* Model */,
				4CA7C72F1FB691800062B5A6 /* AppDelegate.swift */,
				4CA7C7331FB691800062B5A6 /* Main.storyboard */,
				4CA7C7361FB691800062B5A6 /* Assets.xcassets */,
				4CA7C7381FB691800062B5A6 /* LaunchScreen.storyboard */,
				4CA7C73B1FB691800062B5A6 /* Info.plist */,
			);
			path = Macathon2017;
			sourceTree = "<group>";
		};
		4CA7C7411FB691B70062B5A6 /* Model */ = {
			isa = PBXGroup;
			children = (
				4C5810E41FB69D3900DD37AE /* Item.swift */,
			);
			path = Model;
			sourceTree = "<group>";
		};
		4CA7C7421FB691C00062B5A6 /* View */ = {
			isa = PBXGroup;
			children = (
				4C5810E61FB6AAC500DD37AE /* ItemBuyCell.swift */,
				4C5810E81FB6C9BD00DD37AE /* ItemSellCell.swift */,
			);
			path = View;
			sourceTree = "<group>";
		};
		4CA7C7431FB691CE0062B5A6 /* ViewController */ = {
			isa = PBXGroup;
			children = (
				4C5810E21FB69A8900DD37AE /* BuyerMainVC.swift */,
				0F92C14B1FB6B1D9005664CA /* LoginVC.swift */,
				0FC6C36F1FB6BDDB002B62CA /* SellerMainVC.swift */,
			);
			path = ViewController;
			sourceTree = "<group>";
		};
		8039259EB56878E0828C9605 /* Pods */ = {
			isa = PBXGroup;
			children = (
				82ABB76B6095FCE605D0ADBC /* Pods-Macathon2017.debug.xcconfig */,
				D397BF20E9BCD56DF2C29FEA /* Pods-Macathon2017.release.xcconfig */,
			);
			name = Pods;
			sourceTree = "<group>";
		};
/* End PBXGroup section */

/* Begin PBXNativeTarget section */
		4CA7C72B1FB691800062B5A6 /* Macathon2017 */ = {
			isa = PBXNativeTarget;
			buildConfigurationList = 4CA7C73E1FB691800062B5A6 /* Build configuration list for PBXNativeTarget "Macathon2017" */;
			buildPhases = (
				64679FB5D197F1011CCB6D6B /* [CP] Check Pods Manifest.lock */,
				4CA7C7281FB691800062B5A6 /* Sources */,
				4CA7C7291FB691800062B5A6 /* Frameworks */,
				4CA7C72A1FB691800062B5A6 /* Resources */,
				2DD1947EC775F1416C50CA88 /* [CP] Embed Pods Frameworks */,
				E79DEAADEF61ED838EFA5D38 /* [CP] Copy Pods Resources */,
			);
			buildRules = (
			);
			dependencies = (
			);
			name = Macathon2017;
			productName = Macathon2017;
			productReference = 4CA7C72C1FB691800062B5A6 /* Macathon2017.app */;
			productType = "com.apple.product-type.application";
		};
/* End PBXNativeTarget section */

/* Begin PBXProject section */
		4CA7C7241FB691800062B5A6 /* Project object */ = {
			isa = PBXProject;
			attributes = {
				LastSwiftUpdateCheck = 0910;
				LastUpgradeCheck = 0910;
				ORGANIZATIONNAME = "Duc Le";
				TargetAttributes = {
					4CA7C72B1FB691800062B5A6 = {
						CreatedOnToolsVersion = 9.1;
						ProvisioningStyle = Automatic;
					};
				};
			};
			buildConfigurationList = 4CA7C7271FB691800062B5A6 /* Build configuration list for PBXProject "Macathon2017" */;
			compatibilityVersion = "Xcode 8.0";
			developmentRegion = en;
			hasScannedForEncodings = 0;
			knownRegions = (
				en,
				Base,
			);
			mainGroup = 4CA7C7231FB691800062B5A6;
			productRefGroup = 4CA7C72D1FB691800062B5A6 /* Products */;
			projectDirPath = "";
			projectRoot = "";
			targets = (
				4CA7C72B1FB691800062B5A6 /* Macathon2017 */,
			);
		};
/* End PBXProject section */

/* Begin PBXResourcesBuildPhase section */
		4CA7C72A1FB691800062B5A6 /* Resources */ = {
			isa = PBXResourcesBuildPhase;
			buildActionMask = 2147483647;
			files = (
				4CA7C73A1FB691800062B5A6 /* LaunchScreen.storyboard in Resources */,
				4CA7C7371FB691800062B5A6 /* Assets.xcassets in Resources */,
				4CA7C7351FB691800062B5A6 /* Main.storyboard in Resources */,
			);
			runOnlyForDeploymentPostprocessing = 0;
		};
/* End PBXResourcesBuildPhase section */

/* Begin PBXShellScriptBuildPhase section */
		2DD1947EC775F1416C50CA88 /* [CP] Embed Pods Frameworks */ = {
			isa = PBXShellScriptBuildPhase;
			buildActionMask = 2147483647;
			files = (
			);
			inputPaths = (
				"${SRCROOT}/Pods/Target Support Files/Pods-Macathon2017/Pods-Macathon2017-frameworks.sh",
				"${BUILT_PRODUCTS_DIR}/Realm/Realm.framework",
				"${BUILT_PRODUCTS_DIR}/RealmSwift/RealmSwift.framework",
			);
			name = "[CP] Embed Pods Frameworks";
			outputPaths = (
				"${TARGET_BUILD_DIR}/${FRAMEWORKS_FOLDER_PATH}/Realm.framework",
				"${TARGET_BUILD_DIR}/${FRAMEWORKS_FOLDER_PATH}/RealmSwift.framework",
			);
			runOnlyForDeploymentPostprocessing = 0;
			shellPath = /bin/sh;
			shellScript = "\"${SRCROOT}/Pods/Target Support Files/Pods-Macathon2017/Pods-Macathon2017-frameworks.sh\"\n";
			showEnvVarsInLog = 0;
		};
		64679FB5D197F1011CCB6D6B /* [CP] Check Pods Manifest.lock */ = {
			isa = PBXShellScriptBuildPhase;
			buildActionMask = 2147483647;
			files = (
			);
			inputPaths = (
				"${PODS_PODFILE_DIR_PATH}/Podfile.lock",
				"${PODS_ROOT}/Manifest.lock",
			);
			name = "[CP] Check Pods Manifest.lock";
			outputPaths = (
				"$(DERIVED_FILE_DIR)/Pods-Macathon2017-checkManifestLockResult.txt",
			);
			runOnlyForDeploymentPostprocessing = 0;
			shellPath = /bin/sh;
			shellScript = "diff \"${PODS_PODFILE_DIR_PATH}/Podfile.lock\" \"${PODS_ROOT}/Manifest.lock\" > /dev/null\nif [ $? != 0 ] ; then\n    # print error to STDERR\n    echo \"error: The sandbox is not in sync with the Podfile.lock. Run 'pod install' or update your CocoaPods installation.\" >&2\n    exit 1\nfi\n# This output is used by Xcode 'outputs' to avoid re-running this script phase.\necho \"SUCCESS\" > \"${SCRIPT_OUTPUT_FILE_0}\"\n";
			showEnvVarsInLog = 0;
		};
		E79DEAADEF61ED838EFA5D38 /* [CP] Copy Pods Resources */ = {
			isa = PBXShellScriptBuildPhase;
			buildActionMask = 2147483647;
			files = (
			);
			inputPaths = (
			);
			name = "[CP] Copy Pods Resources";
			outputPaths = (
			);
			runOnlyForDeploymentPostprocessing = 0;
			shellPath = /bin/sh;
			shellScript = "\"${SRCROOT}/Pods/Target Support Files/Pods-Macathon2017/Pods-Macathon2017-resources.sh\"\n";
			showEnvVarsInLog = 0;
		};
/* End PBXShellScriptBuildPhase section */

/* Begin PBXSourcesBuildPhase section */
		4CA7C7281FB691800062B5A6 /* Sources */ = {
			isa = PBXSourcesBuildPhase;
			buildActionMask = 2147483647;
			files = (
				0FC6C3701FB6BDDB002B62CA /* SellerMainVC.swift in Sources */,
				4C5810E91FB6C9BD00DD37AE /* ItemSellCell.swift in Sources */,
				4CA7C7301FB691800062B5A6 /* AppDelegate.swift in Sources */,
				4C5810E51FB69D3900DD37AE /* Item.swift in Sources */,
				4C5810E31FB69A8900DD37AE /* BuyerMainVC.swift in Sources */,
				4C5810E71FB6AAC500DD37AE /* ItemBuyCell.swift in Sources */,
				0F92C14C1FB6B1D9005664CA /* LoginVC.swift in Sources */,
			);
			runOnlyForDeploymentPostprocessing = 0;
		};
/* End PBXSourcesBuildPhase section */

/* Begin PBXVariantGroup section */
		4CA7C7331FB691800062B5A6 /* Main.storyboard */ = {
			isa = PBXVariantGroup;
			children = (
				4CA7C7341FB691800062B5A6 /* Base */,
			);
			name = Main.storyboard;
			sourceTree = "<group>";
		};
		4CA7C7381FB691800062B5A6 /* LaunchScreen.storyboard */ = {
			isa = PBXVariantGroup;
			children = (
				4CA7C7391FB691800062B5A6 /* Base */,
			);
			name = LaunchScreen.storyboard;
			sourceTree = "<group>";
		};
/* End PBXVariantGroup section */

/* Begin XCBuildConfiguration section */
		4CA7C73C1FB691800062B5A6 /* Debug */ = {
			isa = XCBuildConfiguration;
			buildSettings = {
				ALWAYS_SEARCH_USER_PATHS = NO;
				CLANG_ANALYZER_NONNULL = YES;
				CLANG_ANALYZER_NUMBER_OBJECT_CONVERSION = YES_AGGRESSIVE;
				CLANG_CXX_LANGUAGE_STANDARD = "gnu++14";
				CLANG_CXX_LIBRARY = "libc++";
				CLANG_ENABLE_MODULES = YES;
				CLANG_ENABLE_OBJC_ARC = YES;
				CLANG_WARN_BLOCK_CAPTURE_AUTORELEASING = YES;
				CLANG_WARN_BOOL_CONVERSION = YES;
				CLANG_WARN_COMMA = YES;
				CLANG_WARN_CONSTANT_CONVERSION = YES;
				CLANG_WARN_DIRECT_OBJC_ISA_USAGE = YES_ERROR;
				CLANG_WARN_DOCUMENTATION_COMMENTS = YES;
				CLANG_WARN_EMPTY_BODY = YES;
				CLANG_WARN_ENUM_CONVERSION = YES;
				CLANG_WARN_INFINITE_RECURSION = YES;
				CLANG_WARN_INT_CONVERSION = YES;
				CLANG_WARN_NON_LITERAL_NULL_CONVERSION = YES;
				CLANG_WARN_OBJC_LITERAL_CONVERSION = YES;
				CLANG_WARN_OBJC_ROOT_CLASS = YES_ERROR;
				CLANG_WARN_RANGE_LOOP_ANALYSIS = YES;
				CLANG_WARN_STRICT_PROTOTYPES = YES;
				CLANG_WARN_SUSPICIOUS_MOVE = YES;
				CLANG_WARN_UNGUARDED_AVAILABILITY = YES_AGGRESSIVE;
				CLANG_WARN_UNREACHABLE_CODE = YES;
				CLANG_WARN__DUPLICATE_METHOD_MATCH = YES;
				CODE_SIGN_IDENTITY = "iPhone Developer";
				COPY_PHASE_STRIP = NO;
				DEBUG_INFORMATION_FORMAT = dwarf;
				ENABLE_STRICT_OBJC_MSGSEND = YES;
				ENABLE_TESTABILITY = YES;
				GCC_C_LANGUAGE_STANDARD = gnu11;
				GCC_DYNAMIC_NO_PIC = NO;
				GCC_NO_COMMON_BLOCKS = YES;
				GCC_OPTIMIZATION_LEVEL = 0;
				GCC_PREPROCESSOR_DEFINITIONS = (
					"DEBUG=1",
					"$(inherited)",
				);
				GCC_WARN_64_TO_32_BIT_CONVERSION = YES;
				GCC_WARN_ABOUT_RETURN_TYPE = YES_ERROR;
				GCC_WARN_UNDECLARED_SELECTOR = YES;
				GCC_WARN_UNINITIALIZED_AUTOS = YES_AGGRESSIVE;
				GCC_WARN_UNUSED_FUNCTION = YES;
				GCC_WARN_UNUSED_VARIABLE = YES;
				IPHONEOS_DEPLOYMENT_TARGET = 11.1;
				MTL_ENABLE_DEBUG_INFO = YES;
				ONLY_ACTIVE_ARCH = YES;
				SDKROOT = iphoneos;
				SWIFT_ACTIVE_COMPILATION_CONDITIONS = DEBUG;
				SWIFT_OPTIMIZATION_LEVEL = "-Onone";
			};
			name = Debug;
		};
		4CA7C73D1FB691800062B5A6 /* Release */ = {
			isa = XCBuildConfiguration;
			buildSettings = {
				ALWAYS_SEARCH_USER_PATHS = NO;
				CLANG_ANALYZER_NONNULL = YES;
				CLANG_ANALYZER_NUMBER_OBJECT_CONVERSION = YES_AGGRESSIVE;
				CLANG_CXX_LANGUAGE_STANDARD = "gnu++14";
				CLANG_CXX_LIBRARY = "libc++";
				CLANG_ENABLE_MODULES = YES;
				CLANG_ENABLE_OBJC_ARC = YES;
				CLANG_WARN_BLOCK_CAPTURE_AUTORELEASING = YES;
				CLANG_WARN_BOOL_CONVERSION = YES;
				CLANG_WARN_COMMA = YES;
				CLANG_WARN_CONSTANT_CONVERSION = YES;
				CLANG_WARN_DIRECT_OBJC_ISA_USAGE = YES_ERROR;
				CLANG_WARN_DOCUMENTATION_COMMENTS = YES;
				CLANG_WARN_EMPTY_BODY = YES;
				CLANG_WARN_ENUM_CONVERSION = YES;
				CLANG_WARN_INFINITE_RECURSION = YES;
				CLANG_WARN_INT_CONVERSION = YES;
				CLANG_WARN_NON_LITERAL_NULL_CONVERSION = YES;
				CLANG_WARN_OBJC_LITERAL_CONVERSION = YES;
				CLANG_WARN_OBJC_ROOT_CLASS = YES_ERROR;
				CLANG_WARN_RANGE_LOOP_ANALYSIS = YES;
				CLANG_WARN_STRICT_PROTOTYPES = YES;
				CLANG_WARN_SUSPICIOUS_MOVE = YES;
				CLANG_WARN_UNGUARDED_AVAILABILITY = YES_AGGRESSIVE;
				CLANG_WARN_UNREACHABLE_CODE = YES;
				CLANG_WARN__DUPLICATE_METHOD_MATCH = YES;
				CODE_SIGN_IDENTITY = "iPhone Developer";
				COPY_PHASE_STRIP = NO;
				DEBUG_INFORMATION_FORMAT = "dwarf-with-dsym";
				ENABLE_NS_ASSERTIONS = NO;
				ENABLE_STRICT_OBJC_MSGSEND = YES;
				GCC_C_LANGUAGE_STANDARD = gnu11;
				GCC_NO_COMMON_BLOCKS = YES;
				GCC_WARN_64_TO_32_BIT_CONVERSION = YES;
				GCC_WARN_ABOUT_RETURN_TYPE = YES_ERROR;
				GCC_WARN_UNDECLARED_SELECTOR = YES;
				GCC_WARN_UNINITIALIZED_AUTOS = YES_AGGRESSIVE;
				GCC_WARN_UNUSED_FUNCTION = YES;
				GCC_WARN_UNUSED_VARIABLE = YES;
				IPHONEOS_DEPLOYMENT_TARGET = 11.1;
				MTL_ENABLE_DEBUG_INFO = NO;
				SDKROOT = iphoneos;
				SWIFT_OPTIMIZATION_LEVEL = "-Owholemodule";
				VALIDATE_PRODUCT = YES;
			};
			name = Release;
		};
		4CA7C73F1FB691800062B5A6 /* Debug */ = {
			isa = XCBuildConfiguration;
			baseConfigurationReference = 82ABB76B6095FCE605D0ADBC /* Pods-Macathon2017.debug.xcconfig */;
			buildSettings = {
				ASSETCATALOG_COMPILER_APPICON_NAME = AppIcon;
				CODE_SIGN_STYLE = Automatic;
				DEVELOPMENT_TEAM = 45DBHK3PL2;
				INFOPLIST_FILE = Macathon2017/Info.plist;
				IPHONEOS_DEPLOYMENT_TARGET = 10.0;
				LD_RUNPATH_SEARCH_PATHS = "$(inherited) @executable_path/Frameworks";
				PRODUCT_BUNDLE_IDENTIFIER = edu.macalester.Macathon2017;
				PRODUCT_NAME = "$(TARGET_NAME)";
				SWIFT_VERSION = 4.0;
				TARGETED_DEVICE_FAMILY = 1;
			};
			name = Debug;
		};
		4CA7C7401FB691800062B5A6 /* Release */ = {
			isa = XCBuildConfiguration;
			baseConfigurationReference = D397BF20E9BCD56DF2C29FEA /* Pods-Macathon2017.release.xcconfig */;
			buildSettings = {
				ASSETCATALOG_COMPILER_APPICON_NAME = AppIcon;
				CODE_SIGN_STYLE = Automatic;
				DEVELOPMENT_TEAM = 45DBHK3PL2;
				INFOPLIST_FILE = Macathon2017/Info.plist;
				IPHONEOS_DEPLOYMENT_TARGET = 10.0;
				LD_RUNPATH_SEARCH_PATHS = "$(inherited) @executable_path/Frameworks";
				PRODUCT_BUNDLE_IDENTIFIER = edu.macalester.Macathon2017;
				PRODUCT_NAME = "$(TARGET_NAME)";
				SWIFT_VERSION = 4.0;
				TARGETED_DEVICE_FAMILY = 1;
			};
			name = Release;
		};
/* End XCBuildConfiguration section */

/* Begin XCConfigurationList section */
		4CA7C7271FB691800062B5A6 /* Build configuration list for PBXProject "Macathon2017" */ = {
			isa = XCConfigurationList;
			buildConfigurations = (
				4CA7C73C1FB691800062B5A6 /* Debug */,
				4CA7C73D1FB691800062B5A6 /* Release */,
			);
			defaultConfigurationIsVisible = 0;
			defaultConfigurationName = Release;
		};
		4CA7C73E1FB691800062B5A6 /* Build configuration list for PBXNativeTarget "Macathon2017" */ = {
			isa = XCConfigurationList;
			buildConfigurations = (
				4CA7C73F1FB691800062B5A6 /* Debug */,
				4CA7C7401FB691800062B5A6 /* Release */,
			);
			defaultConfigurationIsVisible = 0;
			defaultConfigurationName = Release;
		};
/* End XCConfigurationList section */
	};
	rootObject = 4CA7C7241FB691800062B5A6 /* Project object */;
}
